
Microsoft Visual Studio Solution File, Format Version 12.00
# Visual Studio Version 16
VisualStudioVersion = 16.0.31515.178
MinimumVisualStudioVersion = 10.0.40219.1
Project("{9A19103F-16F7-4668-BE54-9A1E7A4F7556}") = "ASP.NET", "ASP.NET\ASP.NET.csproj", "{119E56E4-1B7C-4F1A-B08A-4253F022D833}"
EndProject
Project("{FAE04EC0-301F-11D3-BF4B-00C04F79EFBC}") = "Domain", "Domain\Domain.csproj", "{A5DED416-76B5-477E-9600-689C5B207D52}"
EndProject
Project("{FAE04EC0-301F-11D3-BF4B-00C04F79EFBC}") = "Data", "Data\Data.csproj", "{4F70CE69-543D-4A96-A360-19FD866D17F3}"
EndProject
Global
	GlobalSection(SolutionConfigurationPlatforms) = preSolution
		Debug|Any CPU = Debug|Any CPU
		Release|Any CPU = Release|Any CPU
	EndGlobalSection
	GlobalSection(ProjectConfigurationPlatforms) = postSolution
		{119E56E4-1B7C-4F1A-B08A-4253F022D833}.Debug|Any CPU.ActiveCfg = Debug|Any CPU
		{119E56E4-1B7C-4F1A-B08A-4253F022D833}.Debug|Any CPU.Build.0 = Debug|Any CPU
		{119E56E4-1B7C-4F1A-B08A-4253F022D833}.Release|Any CPU.ActiveCfg = Release|Any CPU
		{119E56E4-1B7C-4F1A-B08A-4253F022D833}.Release|Any CPU.Build.0 = Release|Any CPU
		{A5DED416-76B5-477E-9600-689C5B207D52}.Debug|Any CPU.ActiveCfg = Debug|Any CPU
		{A5DED416-76B5-477E-9600-689C5B207D52}.Debug|Any CPU.Build.0 = Debug|Any CPU
		{A5DED416-76B5-477E-9600-689C5B207D52}.Release|Any CPU.ActiveCfg = Release|Any CPU
		{A5DED416-76B5-477E-9600-689C5B207D52}.Release|Any CPU.Build.0 = Release|Any CPU
		{4F70CE69-543D-4A96-A360-19FD866D17F3}.Debug|Any CPU.ActiveCfg = Debug|Any CPU
		{4F70CE69-543D-4A96-A360-19FD866D17F3}.Debug|Any CPU.Build.0 = Debug|Any CPU
		{4F70CE69-543D-4A96-A360-19FD866D17F3}.Release|Any CPU.ActiveCfg = Release|Any CPU
		{4F70CE69-543D-4A96-A360-19FD866D17F3}.Release|Any CPU.Build.0 = Release|Any CPU
	EndGlobalSection
	GlobalSection(SolutionProperties) = preSolution
		HideSolutionNode = FALSE
	EndGlobalSection
	GlobalSection(ExtensibilityGlobals) = postSolution
		SolutionGuid = {55BC6691-BD09-446A-9F99-5FBBA515EB13}
	EndGlobalSection
EndGlobal
